{
  "version": 4,
  "terraform_version": "1.10.5",
  "serial": 188,
  "lineage": "7e68410e-6b26-29d1-f215-72a6808b75d1",
  "outputs": {
    "rds_endpoint": {
      "value": "rds-instance.cdoe0uyo21cf.us-east-1.rds.amazonaws.com:3306",
      "type": "string"
    },
    "rds_password": {
      "value": "kvr2c1o6og",
      "type": "string",
      "sensitive": true
    },
    "user_name": {
      "value": "zabbix",
      "type": "string"
    },
    "vpc_arn": {
      "value": "arn:aws:ec2:us-east-1:058264399679:vpc/vpc-05ad11c4b20fd28a2",
      "type": "string"
    },
    "zabbix_ip": {
      "value": "54.235.46.80",
      "type": "string"
    }
  },
  "resources": [
    {
      "mode": "managed",
      "type": "aws_db_instance",
      "name": "db_instance",
      "provider": "provider[\"registry.terraform.io/hashicorp/aws\"]",
      "instances": [
        {
          "schema_version": 2,
          "attributes": {
            "address": "rds-instance.cdoe0uyo21cf.us-east-1.rds.amazonaws.com",
            "allocated_storage": 10,
            "allow_major_version_upgrade": null,
            "apply_immediately": false,
            "arn": "arn:aws:rds:us-east-1:058264399679:db:rds-instance",
            "auto_minor_version_upgrade": true,
            "availability_zone": "us-east-1a",
            "backup_retention_period": 0,
            "backup_target": "region",
            "backup_window": "07:55-08:25",
            "blue_green_update": [],
            "ca_cert_identifier": "rds-ca-rsa2048-g1",
            "character_set_name": "",
            "copy_tags_to_snapshot": false,
            "custom_iam_instance_profile": "",
            "customer_owned_ip_enabled": false,
            "db_name": "zabbix",
            "db_subnet_group_name": "db_subnets",
            "dedicated_log_volume": false,
            "delete_automated_backups": true,
            "deletion_protection": false,
            "domain": "",
            "domain_auth_secret_arn": "",
            "domain_dns_ips": null,
            "domain_fqdn": "",
            "domain_iam_role_name": "",
            "domain_ou": "",
            "enabled_cloudwatch_logs_exports": null,
            "endpoint": "rds-instance.cdoe0uyo21cf.us-east-1.rds.amazonaws.com:3306",
            "engine": "mariadb",
            "engine_lifecycle_support": "",
            "engine_version": "10.11.8",
            "engine_version_actual": "10.11.8",
            "final_snapshot_identifier": null,
            "hosted_zone_id": "Z2R2ITUGPM61AM",
            "iam_database_authentication_enabled": false,
            "id": "db-3X6SFUWPO3FJHNAKFQI2DHPNAY",
            "identifier": "rds-instance",
            "identifier_prefix": "",
            "instance_class": "db.t3.micro",
            "iops": 0,
            "kms_key_id": "",
            "latest_restorable_time": "",
            "license_model": "general-public-license",
            "listener_endpoint": [],
            "maintenance_window": "thu:06:57-thu:07:27",
            "manage_master_user_password": null,
            "master_user_secret": [],
            "master_user_secret_kms_key_id": null,
            "max_allocated_storage": 0,
            "monitoring_interval": 0,
            "monitoring_role_arn": "",
            "multi_az": false,
            "nchar_character_set_name": "",
            "network_type": "IPV4",
            "option_group_name": "default:mariadb-10-11",
            "parameter_group_name": "default.mariadb10.11",
            "password": "kvr2c1o6og",
            "performance_insights_enabled": false,
            "performance_insights_kms_key_id": "",
            "performance_insights_retention_period": 0,
            "port": 3306,
            "publicly_accessible": false,
            "replica_mode": "",
            "replicas": [],
            "replicate_source_db": "",
            "resource_id": "db-3X6SFUWPO3FJHNAKFQI2DHPNAY",
            "restore_to_point_in_time": [],
            "s3_import": [],
            "skip_final_snapshot": true,
            "snapshot_identifier": null,
            "status": "available",
            "storage_encrypted": false,
            "storage_throughput": 0,
            "storage_type": "gp2",
            "tags": {
              "name": "Zabbix Server - MariaDB"
            },
            "tags_all": {
              "author": "Victor Cleber",
              "course": "Cloud Training - AWS bootcamp",
              "group": "Group 7",
              "managed_by": "terraform",
              "name": "Zabbix Server - MariaDB",
              "subject": "Zabbix",
              "workshop": "workshop_23"
            },
            "timeouts": null,
            "timezone": "",
            "upgrade_storage_config": null,
            "username": "zabbix",
            "vpc_security_group_ids": [
              "sg-019eeacf4eae75408"
            ]
          },
          "sensitive_attributes": [
            [
              {
                "type": "get_attr",
                "value": "password"
              }
            ]
          ],
          "private": "eyJlMmJmYjczMC1lY2FhLTExZTYtOGY4OC0zNDM2M2JjN2M0YzAiOnsiY3JlYXRlIjozMDAwMDAwMDAwMDAwLCJkZWxldGUiOjM2MDAwMDAwMDAwMDAsInVwZGF0ZSI6NDgwMDAwMDAwMDAwMH0sInNjaGVtYV92ZXJzaW9uIjoiMiJ9",
          "dependencies": [
            "aws_db_subnet_group.db_subnet_group",
            "aws_security_group.alb_security_group",
            "aws_security_group.app_security_group",
            "aws_security_group.database_security_group",
            "aws_subnet.db_subnet_a",
            "aws_subnet.db_subnet_b",
            "aws_vpc.main",
            "random_string.for_rds_password"
          ]
        }
      ]
    },
    {
      "mode": "managed",
      "type": "aws_db_subnet_group",
      "name": "db_subnet_group",
      "provider": "provider[\"registry.terraform.io/hashicorp/aws\"]",
      "instances": [
        {
          "schema_version": 0,
          "attributes": {
            "arn": "arn:aws:rds:us-east-1:058264399679:subgrp:db_subnets",
            "description": "subnets for database instance",
            "id": "db_subnets",
            "name": "db_subnets",
            "name_prefix": "",
            "subnet_ids": [
              "subnet-00b139cc343a275e1",
              "subnet-0b757f5886a5be4bb"
            ],
            "supported_network_types": [
              "IPV4"
            ],
            "tags": {
              "Name": "database_subnets"
            },
            "tags_all": {
              "Name": "database_subnets",
              "author": "Victor Cleber",
              "course": "Cloud Training - AWS bootcamp",
              "group": "Group 7",
              "managed_by": "terraform",
              "subject": "Zabbix",
              "workshop": "workshop_23"
            },
            "vpc_id": "vpc-05ad11c4b20fd28a2"
          },
          "sensitive_attributes": [],
          "private": "bnVsbA==",
          "dependencies": [
            "aws_subnet.db_subnet_a",
            "aws_subnet.db_subnet_b",
            "aws_vpc.main"
          ]
        }
      ]
    },
    {
      "mode": "managed",
      "type": "aws_instance",
      "name": "srv_zabbix",
      "provider": "provider[\"registry.terraform.io/hashicorp/aws\"]",
      "instances": [
        {
          "schema_version": 1,
          "attributes": {
            "ami": "ami-0e1bed4f06a3b463d",
            "arn": "arn:aws:ec2:us-east-1:058264399679:instance/i-0716df8bc1c32eddb",
            "associate_public_ip_address": true,
            "availability_zone": "us-east-1a",
            "capacity_reservation_specification": [
              {
                "capacity_reservation_preference": "open",
                "capacity_reservation_target": []
              }
            ],
            "cpu_core_count": 1,
            "cpu_options": [
              {
                "amd_sev_snp": "",
                "core_count": 1,
                "threads_per_core": 1
              }
            ],
            "cpu_threads_per_core": 1,
            "credit_specification": [
              {
                "cpu_credits": "standard"
              }
            ],
            "disable_api_stop": false,
            "disable_api_termination": false,
            "ebs_block_device": [],
            "ebs_optimized": false,
            "enable_primary_ipv6": null,
            "enclave_options": [
              {
                "enabled": false
              }
            ],
            "ephemeral_block_device": [],
            "get_password_data": false,
            "hibernation": false,
            "host_id": "",
            "host_resource_group_arn": null,
            "iam_instance_profile": "",
            "id": "i-0716df8bc1c32eddb",
            "instance_initiated_shutdown_behavior": "stop",
            "instance_lifecycle": "",
            "instance_market_options": [],
            "instance_state": "running",
            "instance_type": "t2.micro",
            "ipv6_address_count": 0,
            "ipv6_addresses": [],
            "key_name": "srv_zabbix_key_pair",
            "launch_template": [],
            "maintenance_options": [
              {
                "auto_recovery": "default"
              }
            ],
            "metadata_options": [
              {
                "http_endpoint": "enabled",
                "http_protocol_ipv6": "disabled",
                "http_put_response_hop_limit": 1,
                "http_tokens": "optional",
                "instance_metadata_tags": "disabled"
              }
            ],
            "monitoring": false,
            "network_interface": [],
            "outpost_arn": "",
            "password_data": "",
            "placement_group": "",
            "placement_partition_number": 0,
            "primary_network_interface_id": "eni-0b47b0fbba2da03d2",
            "private_dns": "ip-100-64-5-70.ec2.internal",
            "private_dns_name_options": [
              {
                "enable_resource_name_dns_a_record": false,
                "enable_resource_name_dns_aaaa_record": false,
                "hostname_type": "ip-name"
              }
            ],
            "private_ip": "100.64.5.70",
            "public_dns": "ec2-54-235-46-80.compute-1.amazonaws.com",
            "public_ip": "54.235.46.80",
            "root_block_device": [
              {
                "delete_on_termination": true,
                "device_name": "/dev/sda1",
                "encrypted": false,
                "iops": 100,
                "kms_key_id": "",
                "tags": {
                  "author": "Victor Cleber",
                  "course": "Cloud Training - AWS bootcamp",
                  "group": "Group 7",
                  "managed_by": "terraform",
                  "subject": "Zabbix",
                  "workshop": "workshop_23"
                },
                "tags_all": {
                  "author": "Victor Cleber",
                  "course": "Cloud Training - AWS bootcamp",
                  "group": "Group 7",
                  "managed_by": "terraform",
                  "subject": "Zabbix",
                  "workshop": "workshop_23"
                },
                "throughput": 0,
                "volume_id": "vol-0d09ae9b9d5563fe6",
                "volume_size": 8,
                "volume_type": "gp2"
              }
            ],
            "secondary_private_ips": [],
            "security_groups": [
              "sg-0cc27506a02419c80"
            ],
            "source_dest_check": true,
            "spot_instance_request_id": "",
            "subnet_id": "subnet-073318a847bad53e1",
            "tags": {
              "Name": "srv_zabbix"
            },
            "tags_all": {
              "Name": "srv_zabbix",
              "author": "Victor Cleber",
              "course": "Cloud Training - AWS bootcamp",
              "group": "Group 7",
              "managed_by": "terraform",
              "subject": "Zabbix",
              "workshop": "workshop_23"
            },
            "tenancy": "default",
            "timeouts": null,
            "user_data": null,
            "user_data_base64": null,
            "user_data_replace_on_change": false,
            "volume_tags": null,
            "vpc_security_group_ids": [
              "sg-0cc27506a02419c80"
            ]
          },
          "sensitive_attributes": [],
          "private": "eyJlMmJmYjczMC1lY2FhLTExZTYtOGY4OC0zNDM2M2JjN2M0YzAiOnsiY3JlYXRlIjo2MDAwMDAwMDAwMDAsImRlbGV0ZSI6MTIwMDAwMDAwMDAwMCwicmVhZCI6OTAwMDAwMDAwMDAwLCJ1cGRhdGUiOjYwMDAwMDAwMDAwMH0sInNjaGVtYV92ZXJzaW9uIjoiMSJ9",
          "dependencies": [
            "aws_key_pair.ec2",
            "aws_security_group.alb_security_group",
            "aws_subnet.alb_subnet_a",
            "aws_vpc.main"
          ]
        }
      ]
    },
    {
      "mode": "managed",
      "type": "aws_internet_gateway",
      "name": "igw",
      "provider": "provider[\"registry.terraform.io/hashicorp/aws\"]",
      "instances": [
        {
          "schema_version": 0,
          "attributes": {
            "arn": "arn:aws:ec2:us-east-1:058264399679:internet-gateway/igw-0222aac1354cdf475",
            "id": "igw-0222aac1354cdf475",
            "owner_id": "058264399679",
            "tags": {
              "Name": "workshop_23_zabbix_igw"
            },
            "tags_all": {
              "Name": "workshop_23_zabbix_igw",
              "author": "Victor Cleber",
              "course": "Cloud Training - AWS bootcamp",
              "group": "Group 7",
              "managed_by": "terraform",
              "subject": "Zabbix",
              "workshop": "workshop_23"
            },
            "timeouts": null,
            "vpc_id": "vpc-05ad11c4b20fd28a2"
          },
          "sensitive_attributes": [],
          "private": "eyJlMmJmYjczMC1lY2FhLTExZTYtOGY4OC0zNDM2M2JjN2M0YzAiOnsiY3JlYXRlIjoxMjAwMDAwMDAwMDAwLCJkZWxldGUiOjEyMDAwMDAwMDAwMDAsInVwZGF0ZSI6MTIwMDAwMDAwMDAwMH19",
          "dependencies": [
            "aws_vpc.main"
          ]
        }
      ]
    },
    {
      "mode": "managed",
      "type": "aws_key_pair",
      "name": "ec2",
      "provider": "provider[\"registry.terraform.io/hashicorp/aws\"]",
      "instances": [
        {
          "schema_version": 1,
          "attributes": {
            "arn": "arn:aws:ec2:us-east-1:058264399679:key-pair/srv_zabbix_key_pair",
            "fingerprint": "87:0a:53:d5:15:70:c9:d9:25:e4:86:49:0d:3e:a0:72",
            "id": "srv_zabbix_key_pair",
            "key_name": "srv_zabbix_key_pair",
            "key_name_prefix": "",
            "key_pair_id": "key-010afa6c8bb72b876",
            "key_type": "rsa",
            "public_key": "ssh-rsa AAAAB3NzaC1yc2EAAAADAQABAAACAQClFU5XpYf/MTYakVv8T+oYRohKCjtXSTaFM07atOA7yJfRES1a2SbNSo5cATIhQQnGtuZICH9dc0XD0nCcoyX8EcB9Mr5k+HglpVbvXHWPsG537Rfz7gG7fc1g7XC0TijXfPnhA5j3tsV/bqKd0LwV56nVNjbWFIsnWWAMS9wAKIWAMgG/LUxr6jId33QarVyNDd+ukU5Iqk5u5+wPCiRofFtssn8XwZbtzQ41fafK1SNE8GBwbGGhUjSciUYXJycrtJoWbR3Q9dYMxRb1gpIWde0+jzHielbmuRBID1enQtKxrFemoKU4wJJEI3Ff0s6CJAzwvH4SxirfiL0jrMggn52YE5HA8d6cdKvHGASxikGr5MHsbYdy473MWzanSGT/VHyZ3hQBEMWV4iGt1CUlIW3iDHtoRhJY5JQTRORw7HZ8UgYeNIVVMds0kTwfuKMUz7VrxOkOFk15wL4ZeNKecaKBhkjd0ZAYsZIebmuz1SbylTVkoAzHXcfNPfoWshKGYponY97qBfHz+o+m7bO/i6z4fPZl0NtFX6g2ezGtcU3V8edckT8zZoVdgaLZo7X9RdezyVc2V0LJalDwRKNEVvlCLBcTxzH8lGQ9+hkbXr0qdKMW+lzclUU6WgPIdGaHaZcr/DPnGEVaIegEN4BVNXkBgbcAzHgOnfT36gCWcw== victor@L2752",
            "tags": null,
            "tags_all": {
              "author": "Victor Cleber",
              "course": "Cloud Training - AWS bootcamp",
              "group": "Group 7",
              "managed_by": "terraform",
              "subject": "Zabbix",
              "workshop": "workshop_23"
            }
          },
          "sensitive_attributes": [],
          "private": "eyJzY2hlbWFfdmVyc2lvbiI6IjEifQ=="
        }
      ]
    },
    {
      "mode": "managed",
      "type": "aws_route_table",
      "name": "alb_rt",
      "provider": "provider[\"registry.terraform.io/hashicorp/aws\"]",
      "instances": [
        {
          "schema_version": 0,
          "attributes": {
            "arn": "arn:aws:ec2:us-east-1:058264399679:route-table/rtb-0a0b9febbfba75359",
            "id": "rtb-0a0b9febbfba75359",
            "owner_id": "058264399679",
            "propagating_vgws": [],
            "route": [
              {
                "carrier_gateway_id": "",
                "cidr_block": "0.0.0.0/0",
                "core_network_arn": "",
                "destination_prefix_list_id": "",
                "egress_only_gateway_id": "",
                "gateway_id": "igw-0222aac1354cdf475",
                "ipv6_cidr_block": "",
                "local_gateway_id": "",
                "nat_gateway_id": "",
                "network_interface_id": "",
                "transit_gateway_id": "",
                "vpc_endpoint_id": "",
                "vpc_peering_connection_id": ""
              }
            ],
            "tags": {
              "Name": "workshop_23_zabbix_alb_zabbix_route_table"
            },
            "tags_all": {
              "Name": "workshop_23_zabbix_alb_zabbix_route_table",
              "author": "Victor Cleber",
              "course": "Cloud Training - AWS bootcamp",
              "group": "Group 7",
              "managed_by": "terraform",
              "subject": "Zabbix",
              "workshop": "workshop_23"
            },
            "timeouts": null,
            "vpc_id": "vpc-05ad11c4b20fd28a2"
          },
          "sensitive_attributes": [],
          "private": "eyJlMmJmYjczMC1lY2FhLTExZTYtOGY4OC0zNDM2M2JjN2M0YzAiOnsiY3JlYXRlIjozMDAwMDAwMDAwMDAsImRlbGV0ZSI6MzAwMDAwMDAwMDAwLCJ1cGRhdGUiOjEyMDAwMDAwMDAwMH19",
          "dependencies": [
            "aws_internet_gateway.igw",
            "aws_vpc.main"
          ]
        }
      ]
    },
    {
      "mode": "managed",
      "type": "aws_route_table",
      "name": "app_rt",
      "provider": "provider[\"registry.terraform.io/hashicorp/aws\"]",
      "instances": [
        {
          "schema_version": 0,
          "attributes": {
            "arn": "arn:aws:ec2:us-east-1:058264399679:route-table/rtb-0ef8972c1b73f63f2",
            "id": "rtb-0ef8972c1b73f63f2",
            "owner_id": "058264399679",
            "propagating_vgws": [],
            "route": [],
            "tags": {
              "Name": "workshop_23_zabbix_app_zabbix_route_rable"
            },
            "tags_all": {
              "Name": "workshop_23_zabbix_app_zabbix_route_rable",
              "author": "Victor Cleber",
              "course": "Cloud Training - AWS bootcamp",
              "group": "Group 7",
              "managed_by": "terraform",
              "subject": "Zabbix",
              "workshop": "workshop_23"
            },
            "timeouts": null,
            "vpc_id": "vpc-05ad11c4b20fd28a2"
          },
          "sensitive_attributes": [],
          "private": "eyJlMmJmYjczMC1lY2FhLTExZTYtOGY4OC0zNDM2M2JjN2M0YzAiOnsiY3JlYXRlIjozMDAwMDAwMDAwMDAsImRlbGV0ZSI6MzAwMDAwMDAwMDAwLCJ1cGRhdGUiOjEyMDAwMDAwMDAwMH19",
          "dependencies": [
            "aws_vpc.main"
          ]
        }
      ]
    },
    {
      "mode": "managed",
      "type": "aws_route_table",
      "name": "db_rt",
      "provider": "provider[\"registry.terraform.io/hashicorp/aws\"]",
      "instances": [
        {
          "schema_version": 0,
          "attributes": {
            "arn": "arn:aws:ec2:us-east-1:058264399679:route-table/rtb-0f8e48adf60f14fd2",
            "id": "rtb-0f8e48adf60f14fd2",
            "owner_id": "058264399679",
            "propagating_vgws": [],
            "route": [],
            "tags": {
              "Name": "workshop_23_zabbix_db_zabbiz_route_table"
            },
            "tags_all": {
              "Name": "workshop_23_zabbix_db_zabbiz_route_table",
              "author": "Victor Cleber",
              "course": "Cloud Training - AWS bootcamp",
              "group": "Group 7",
              "managed_by": "terraform",
              "subject": "Zabbix",
              "workshop": "workshop_23"
            },
            "timeouts": null,
            "vpc_id": "vpc-05ad11c4b20fd28a2"
          },
          "sensitive_attributes": [],
          "private": "eyJlMmJmYjczMC1lY2FhLTExZTYtOGY4OC0zNDM2M2JjN2M0YzAiOnsiY3JlYXRlIjozMDAwMDAwMDAwMDAsImRlbGV0ZSI6MzAwMDAwMDAwMDAwLCJ1cGRhdGUiOjEyMDAwMDAwMDAwMH19",
          "dependencies": [
            "aws_vpc.main"
          ]
        }
      ]
    },
    {
      "mode": "managed",
      "type": "aws_route_table_association",
      "name": "rt-association-alb-subnet-a",
      "provider": "provider[\"registry.terraform.io/hashicorp/aws\"]",
      "instances": [
        {
          "schema_version": 0,
          "attributes": {
            "gateway_id": "",
            "id": "rtbassoc-00eaf07a8d1465160",
            "route_table_id": "rtb-0a0b9febbfba75359",
            "subnet_id": "subnet-073318a847bad53e1",
            "timeouts": null
          },
          "sensitive_attributes": [],
          "private": "eyJlMmJmYjczMC1lY2FhLTExZTYtOGY4OC0zNDM2M2JjN2M0YzAiOnsiY3JlYXRlIjozMDAwMDAwMDAwMDAsImRlbGV0ZSI6MzAwMDAwMDAwMDAwLCJ1cGRhdGUiOjEyMDAwMDAwMDAwMH19",
          "dependencies": [
            "aws_internet_gateway.igw",
            "aws_route_table.alb_rt",
            "aws_subnet.alb_subnet_a",
            "aws_vpc.main"
          ]
        }
      ]
    },
    {
      "mode": "managed",
      "type": "aws_route_table_association",
      "name": "rt-association-alb-subnet-b",
      "provider": "provider[\"registry.terraform.io/hashicorp/aws\"]",
      "instances": [
        {
          "schema_version": 0,
          "attributes": {
            "gateway_id": "",
            "id": "rtbassoc-0dd8f8af9385829e4",
            "route_table_id": "rtb-0a0b9febbfba75359",
            "subnet_id": "subnet-006b4fb96cded6fe4",
            "timeouts": null
          },
          "sensitive_attributes": [],
          "private": "eyJlMmJmYjczMC1lY2FhLTExZTYtOGY4OC0zNDM2M2JjN2M0YzAiOnsiY3JlYXRlIjozMDAwMDAwMDAwMDAsImRlbGV0ZSI6MzAwMDAwMDAwMDAwLCJ1cGRhdGUiOjEyMDAwMDAwMDAwMH19",
          "dependencies": [
            "aws_internet_gateway.igw",
            "aws_route_table.alb_rt",
            "aws_subnet.alb_subnet_b",
            "aws_vpc.main"
          ]
        }
      ]
    },
    {
      "mode": "managed",
      "type": "aws_route_table_association",
      "name": "rt-association-app-subnet-a",
      "provider": "provider[\"registry.terraform.io/hashicorp/aws\"]",
      "instances": [
        {
          "schema_version": 0,
          "attributes": {
            "gateway_id": "",
            "id": "rtbassoc-0578a8912348b255b",
            "route_table_id": "rtb-0ef8972c1b73f63f2",
            "subnet_id": "subnet-048705b6bd63c31ff",
            "timeouts": null
          },
          "sensitive_attributes": [],
          "private": "eyJlMmJmYjczMC1lY2FhLTExZTYtOGY4OC0zNDM2M2JjN2M0YzAiOnsiY3JlYXRlIjozMDAwMDAwMDAwMDAsImRlbGV0ZSI6MzAwMDAwMDAwMDAwLCJ1cGRhdGUiOjEyMDAwMDAwMDAwMH19",
          "dependencies": [
            "aws_route_table.app_rt",
            "aws_subnet.app_subnet_a",
            "aws_vpc.main"
          ]
        }
      ]
    },
    {
      "mode": "managed",
      "type": "aws_route_table_association",
      "name": "rt-association-app-subnet-b",
      "provider": "provider[\"registry.terraform.io/hashicorp/aws\"]",
      "instances": [
        {
          "schema_version": 0,
          "attributes": {
            "gateway_id": "",
            "id": "rtbassoc-00fab564f606296a8",
            "route_table_id": "rtb-0ef8972c1b73f63f2",
            "subnet_id": "subnet-019553d8ddc011f13",
            "timeouts": null
          },
          "sensitive_attributes": [],
          "private": "eyJlMmJmYjczMC1lY2FhLTExZTYtOGY4OC0zNDM2M2JjN2M0YzAiOnsiY3JlYXRlIjozMDAwMDAwMDAwMDAsImRlbGV0ZSI6MzAwMDAwMDAwMDAwLCJ1cGRhdGUiOjEyMDAwMDAwMDAwMH19",
          "dependencies": [
            "aws_route_table.app_rt",
            "aws_subnet.app_subnet_b",
            "aws_vpc.main"
          ]
        }
      ]
    },
    {
      "mode": "managed",
      "type": "aws_route_table_association",
      "name": "rt-association-db-subnet-a",
      "provider": "provider[\"registry.terraform.io/hashicorp/aws\"]",
      "instances": [
        {
          "schema_version": 0,
          "attributes": {
            "gateway_id": "",
            "id": "rtbassoc-0a08a58e17ee9396d",
            "route_table_id": "rtb-0f8e48adf60f14fd2",
            "subnet_id": "subnet-00b139cc343a275e1",
            "timeouts": null
          },
          "sensitive_attributes": [],
          "private": "eyJlMmJmYjczMC1lY2FhLTExZTYtOGY4OC0zNDM2M2JjN2M0YzAiOnsiY3JlYXRlIjozMDAwMDAwMDAwMDAsImRlbGV0ZSI6MzAwMDAwMDAwMDAwLCJ1cGRhdGUiOjEyMDAwMDAwMDAwMH19",
          "dependencies": [
            "aws_route_table.db_rt",
            "aws_subnet.db_subnet_a",
            "aws_vpc.main"
          ]
        }
      ]
    },
    {
      "mode": "managed",
      "type": "aws_route_table_association",
      "name": "rt-association-db-subnet-b",
      "provider": "provider[\"registry.terraform.io/hashicorp/aws\"]",
      "instances": [
        {
          "schema_version": 0,
          "attributes": {
            "gateway_id": "",
            "id": "rtbassoc-0b0851bd0515d43b8",
            "route_table_id": "rtb-0f8e48adf60f14fd2",
            "subnet_id": "subnet-0b757f5886a5be4bb",
            "timeouts": null
          },
          "sensitive_attributes": [],
          "private": "eyJlMmJmYjczMC1lY2FhLTExZTYtOGY4OC0zNDM2M2JjN2M0YzAiOnsiY3JlYXRlIjozMDAwMDAwMDAwMDAsImRlbGV0ZSI6MzAwMDAwMDAwMDAwLCJ1cGRhdGUiOjEyMDAwMDAwMDAwMH19",
          "dependencies": [
            "aws_route_table.db_rt",
            "aws_subnet.db_subnet_b",
            "aws_vpc.main"
          ]
        }
      ]
    },
    {
      "mode": "managed",
      "type": "aws_security_group",
      "name": "alb_security_group",
      "provider": "provider[\"registry.terraform.io/hashicorp/aws\"]",
      "instances": [
        {
          "schema_version": 1,
          "attributes": {
            "arn": "arn:aws:ec2:us-east-1:058264399679:security-group/sg-0cc27506a02419c80",
            "description": "Allows inbound access",
            "egress": [
              {
                "cidr_blocks": [
                  "0.0.0.0/0"
                ],
                "description": "",
                "from_port": 0,
                "ipv6_cidr_blocks": [],
                "prefix_list_ids": [],
                "protocol": "-1",
                "security_groups": [],
                "self": false,
                "to_port": 0
              }
            ],
            "id": "sg-0cc27506a02419c80",
            "ingress": [
              {
                "cidr_blocks": [
                  "0.0.0.0/0"
                ],
                "description": "HTTP ingress",
                "from_port": 80,
                "ipv6_cidr_blocks": [],
                "prefix_list_ids": [],
                "protocol": "tcp",
                "security_groups": [],
                "self": false,
                "to_port": 80
              },
              {
                "cidr_blocks": [
                  "0.0.0.0/0"
                ],
                "description": "HTTPS ingress",
                "from_port": 443,
                "ipv6_cidr_blocks": [],
                "prefix_list_ids": [],
                "protocol": "tcp",
                "security_groups": [],
                "self": false,
                "to_port": 443
              },
              {
                "cidr_blocks": [
                  "0.0.0.0/0"
                ],
                "description": "SSH ingress",
                "from_port": 22,
                "ipv6_cidr_blocks": [],
                "prefix_list_ids": [],
                "protocol": "tcp",
                "security_groups": [],
                "self": false,
                "to_port": 22
              }
            ],
            "name": "alb_zabbix_security_group",
            "name_prefix": "",
            "owner_id": "058264399679",
            "revoke_rules_on_delete": false,
            "tags": null,
            "tags_all": {
              "author": "Victor Cleber",
              "course": "Cloud Training - AWS bootcamp",
              "group": "Group 7",
              "managed_by": "terraform",
              "subject": "Zabbix",
              "workshop": "workshop_23"
            },
            "timeouts": null,
            "vpc_id": "vpc-05ad11c4b20fd28a2"
          },
          "sensitive_attributes": [],
          "private": "eyJlMmJmYjczMC1lY2FhLTExZTYtOGY4OC0zNDM2M2JjN2M0YzAiOnsiY3JlYXRlIjo2MDAwMDAwMDAwMDAsImRlbGV0ZSI6OTAwMDAwMDAwMDAwfSwic2NoZW1hX3ZlcnNpb24iOiIxIn0=",
          "dependencies": [
            "aws_vpc.main"
          ],
          "create_before_destroy": true
        }
      ]
    },
    {
      "mode": "managed",
      "type": "aws_security_group",
      "name": "app_security_group",
      "provider": "provider[\"registry.terraform.io/hashicorp/aws\"]",
      "instances": [
        {
          "schema_version": 1,
          "attributes": {
            "arn": "arn:aws:ec2:us-east-1:058264399679:security-group/sg-081727d84772e4506",
            "description": "Allow HTTPS to web server",
            "egress": [
              {
                "cidr_blocks": [
                  "0.0.0.0/0"
                ],
                "description": "",
                "from_port": 0,
                "ipv6_cidr_blocks": [],
                "prefix_list_ids": [],
                "protocol": "-1",
                "security_groups": [],
                "self": false,
                "to_port": 0
              }
            ],
            "id": "sg-081727d84772e4506",
            "ingress": [
              {
                "cidr_blocks": [
                  "0.0.0.0/0"
                ],
                "description": "From ALB - HTTP ingress",
                "from_port": 80,
                "ipv6_cidr_blocks": [],
                "prefix_list_ids": [],
                "protocol": "tcp",
                "security_groups": [],
                "self": false,
                "to_port": 80
              },
              {
                "cidr_blocks": [
                  "0.0.0.0/0"
                ],
                "description": "From ALB - HTTPS ingress",
                "from_port": 443,
                "ipv6_cidr_blocks": [],
                "prefix_list_ids": [],
                "protocol": "tcp",
                "security_groups": [],
                "self": false,
                "to_port": 443
              }
            ],
            "name": "app_zabbix_security_group",
            "name_prefix": "",
            "owner_id": "058264399679",
            "revoke_rules_on_delete": false,
            "tags": {
              "Name": "app_zabbix_security_group"
            },
            "tags_all": {
              "Name": "app_zabbix_security_group",
              "author": "Victor Cleber",
              "course": "Cloud Training - AWS bootcamp",
              "group": "Group 7",
              "managed_by": "terraform",
              "subject": "Zabbix",
              "workshop": "workshop_23"
            },
            "timeouts": null,
            "vpc_id": "vpc-05ad11c4b20fd28a2"
          },
          "sensitive_attributes": [],
          "private": "eyJlMmJmYjczMC1lY2FhLTExZTYtOGY4OC0zNDM2M2JjN2M0YzAiOnsiY3JlYXRlIjo2MDAwMDAwMDAwMDAsImRlbGV0ZSI6OTAwMDAwMDAwMDAwfSwic2NoZW1hX3ZlcnNpb24iOiIxIn0=",
          "dependencies": [
            "aws_vpc.main"
          ],
          "create_before_destroy": true
        }
      ]
    },
    {
      "mode": "managed",
      "type": "aws_security_group",
      "name": "database_security_group",
      "provider": "provider[\"registry.terraform.io/hashicorp/aws\"]",
      "instances": [
        {
          "schema_version": 1,
          "attributes": {
            "arn": "arn:aws:ec2:us-east-1:058264399679:security-group/sg-019eeacf4eae75408",
            "description": "Allow mariaDb access on port 3306",
            "egress": [
              {
                "cidr_blocks": [
                  "0.0.0.0/0"
                ],
                "description": "",
                "from_port": 0,
                "ipv6_cidr_blocks": [],
                "prefix_list_ids": [],
                "protocol": "-1",
                "security_groups": [],
                "self": false,
                "to_port": 0
              }
            ],
            "id": "sg-019eeacf4eae75408",
            "ingress": [
              {
                "cidr_blocks": [],
                "description": "From APP - MariaDb ingress",
                "from_port": 3306,
                "ipv6_cidr_blocks": [],
                "prefix_list_ids": [],
                "protocol": "tcp",
                "security_groups": [
                  "sg-081727d84772e4506",
                  "sg-0cc27506a02419c80"
                ],
                "self": false,
                "to_port": 3306
              }
            ],
            "name": "database_zabbix_security-group",
            "name_prefix": "",
            "owner_id": "058264399679",
            "revoke_rules_on_delete": false,
            "tags": {
              "Name": "database_zabbix_security_group"
            },
            "tags_all": {
              "Name": "database_zabbix_security_group",
              "author": "Victor Cleber",
              "course": "Cloud Training - AWS bootcamp",
              "group": "Group 7",
              "managed_by": "terraform",
              "subject": "Zabbix",
              "workshop": "workshop_23"
            },
            "timeouts": null,
            "vpc_id": "vpc-05ad11c4b20fd28a2"
          },
          "sensitive_attributes": [],
          "private": "eyJlMmJmYjczMC1lY2FhLTExZTYtOGY4OC0zNDM2M2JjN2M0YzAiOnsiY3JlYXRlIjo2MDAwMDAwMDAwMDAsImRlbGV0ZSI6OTAwMDAwMDAwMDAwfSwic2NoZW1hX3ZlcnNpb24iOiIxIn0=",
          "dependencies": [
            "aws_security_group.alb_security_group",
            "aws_security_group.app_security_group",
            "aws_vpc.main"
          ],
          "create_before_destroy": true
        }
      ]
    },
    {
      "mode": "managed",
      "type": "aws_subnet",
      "name": "alb_subnet_a",
      "provider": "provider[\"registry.terraform.io/hashicorp/aws\"]",
      "instances": [
        {
          "schema_version": 1,
          "attributes": {
            "arn": "arn:aws:ec2:us-east-1:058264399679:subnet/subnet-073318a847bad53e1",
            "assign_ipv6_address_on_creation": false,
            "availability_zone": "us-east-1a",
            "availability_zone_id": "use1-az6",
            "cidr_block": "100.64.5.0/24",
            "customer_owned_ipv4_pool": "",
            "enable_dns64": false,
            "enable_lni_at_device_index": 0,
            "enable_resource_name_dns_a_record_on_launch": false,
            "enable_resource_name_dns_aaaa_record_on_launch": false,
            "id": "subnet-073318a847bad53e1",
            "ipv6_cidr_block": "",
            "ipv6_cidr_block_association_id": "",
            "ipv6_native": false,
            "map_customer_owned_ip_on_launch": false,
            "map_public_ip_on_launch": true,
            "outpost_arn": "",
            "owner_id": "058264399679",
            "private_dns_hostname_type_on_launch": "ip-name",
            "tags": {
              "Name": "workshop_23_zabbix_alb_zabbix_subnet_a"
            },
            "tags_all": {
              "Name": "workshop_23_zabbix_alb_zabbix_subnet_a",
              "author": "Victor Cleber",
              "course": "Cloud Training - AWS bootcamp",
              "group": "Group 7",
              "managed_by": "terraform",
              "subject": "Zabbix",
              "workshop": "workshop_23"
            },
            "timeouts": null,
            "vpc_id": "vpc-05ad11c4b20fd28a2"
          },
          "sensitive_attributes": [],
          "private": "eyJlMmJmYjczMC1lY2FhLTExZTYtOGY4OC0zNDM2M2JjN2M0YzAiOnsiY3JlYXRlIjo2MDAwMDAwMDAwMDAsImRlbGV0ZSI6MTIwMDAwMDAwMDAwMH0sInNjaGVtYV92ZXJzaW9uIjoiMSJ9",
          "dependencies": [
            "aws_vpc.main"
          ]
        }
      ]
    },
    {
      "mode": "managed",
      "type": "aws_subnet",
      "name": "alb_subnet_b",
      "provider": "provider[\"registry.terraform.io/hashicorp/aws\"]",
      "instances": [
        {
          "schema_version": 1,
          "attributes": {
            "arn": "arn:aws:ec2:us-east-1:058264399679:subnet/subnet-006b4fb96cded6fe4",
            "assign_ipv6_address_on_creation": false,
            "availability_zone": "us-east-1b",
            "availability_zone_id": "use1-az1",
            "cidr_block": "100.64.6.0/24",
            "customer_owned_ipv4_pool": "",
            "enable_dns64": false,
            "enable_lni_at_device_index": 0,
            "enable_resource_name_dns_a_record_on_launch": false,
            "enable_resource_name_dns_aaaa_record_on_launch": false,
            "id": "subnet-006b4fb96cded6fe4",
            "ipv6_cidr_block": "",
            "ipv6_cidr_block_association_id": "",
            "ipv6_native": false,
            "map_customer_owned_ip_on_launch": false,
            "map_public_ip_on_launch": true,
            "outpost_arn": "",
            "owner_id": "058264399679",
            "private_dns_hostname_type_on_launch": "ip-name",
            "tags": {
              "Name": "workshop_23_zabbix_alb_zabbix_subnet_b"
            },
            "tags_all": {
              "Name": "workshop_23_zabbix_alb_zabbix_subnet_b",
              "author": "Victor Cleber",
              "course": "Cloud Training - AWS bootcamp",
              "group": "Group 7",
              "managed_by": "terraform",
              "subject": "Zabbix",
              "workshop": "workshop_23"
            },
            "timeouts": null,
            "vpc_id": "vpc-05ad11c4b20fd28a2"
          },
          "sensitive_attributes": [],
          "private": "eyJlMmJmYjczMC1lY2FhLTExZTYtOGY4OC0zNDM2M2JjN2M0YzAiOnsiY3JlYXRlIjo2MDAwMDAwMDAwMDAsImRlbGV0ZSI6MTIwMDAwMDAwMDAwMH0sInNjaGVtYV92ZXJzaW9uIjoiMSJ9",
          "dependencies": [
            "aws_vpc.main"
          ]
        }
      ]
    },
    {
      "mode": "managed",
      "type": "aws_subnet",
      "name": "app_subnet_a",
      "provider": "provider[\"registry.terraform.io/hashicorp/aws\"]",
      "instances": [
        {
          "schema_version": 1,
          "attributes": {
            "arn": "arn:aws:ec2:us-east-1:058264399679:subnet/subnet-048705b6bd63c31ff",
            "assign_ipv6_address_on_creation": false,
            "availability_zone": "us-east-1a",
            "availability_zone_id": "use1-az6",
            "cidr_block": "100.64.3.0/24",
            "customer_owned_ipv4_pool": "",
            "enable_dns64": false,
            "enable_lni_at_device_index": 0,
            "enable_resource_name_dns_a_record_on_launch": false,
            "enable_resource_name_dns_aaaa_record_on_launch": false,
            "id": "subnet-048705b6bd63c31ff",
            "ipv6_cidr_block": "",
            "ipv6_cidr_block_association_id": "",
            "ipv6_native": false,
            "map_customer_owned_ip_on_launch": false,
            "map_public_ip_on_launch": false,
            "outpost_arn": "",
            "owner_id": "058264399679",
            "private_dns_hostname_type_on_launch": "ip-name",
            "tags": {
              "Name": "workshop_23_zabbix_app_zabbix_subnet_a"
            },
            "tags_all": {
              "Name": "workshop_23_zabbix_app_zabbix_subnet_a",
              "author": "Victor Cleber",
              "course": "Cloud Training - AWS bootcamp",
              "group": "Group 7",
              "managed_by": "terraform",
              "subject": "Zabbix",
              "workshop": "workshop_23"
            },
            "timeouts": null,
            "vpc_id": "vpc-05ad11c4b20fd28a2"
          },
          "sensitive_attributes": [],
          "private": "eyJlMmJmYjczMC1lY2FhLTExZTYtOGY4OC0zNDM2M2JjN2M0YzAiOnsiY3JlYXRlIjo2MDAwMDAwMDAwMDAsImRlbGV0ZSI6MTIwMDAwMDAwMDAwMH0sInNjaGVtYV92ZXJzaW9uIjoiMSJ9",
          "dependencies": [
            "aws_vpc.main"
          ]
        }
      ]
    },
    {
      "mode": "managed",
      "type": "aws_subnet",
      "name": "app_subnet_b",
      "provider": "provider[\"registry.terraform.io/hashicorp/aws\"]",
      "instances": [
        {
          "schema_version": 1,
          "attributes": {
            "arn": "arn:aws:ec2:us-east-1:058264399679:subnet/subnet-019553d8ddc011f13",
            "assign_ipv6_address_on_creation": false,
            "availability_zone": "us-east-1b",
            "availability_zone_id": "use1-az1",
            "cidr_block": "100.64.4.0/24",
            "customer_owned_ipv4_pool": "",
            "enable_dns64": false,
            "enable_lni_at_device_index": 0,
            "enable_resource_name_dns_a_record_on_launch": false,
            "enable_resource_name_dns_aaaa_record_on_launch": false,
            "id": "subnet-019553d8ddc011f13",
            "ipv6_cidr_block": "",
            "ipv6_cidr_block_association_id": "",
            "ipv6_native": false,
            "map_customer_owned_ip_on_launch": false,
            "map_public_ip_on_launch": false,
            "outpost_arn": "",
            "owner_id": "058264399679",
            "private_dns_hostname_type_on_launch": "ip-name",
            "tags": {
              "Name": "workshop_23_zabbix_app_zabbix_subnet_b"
            },
            "tags_all": {
              "Name": "workshop_23_zabbix_app_zabbix_subnet_b",
              "author": "Victor Cleber",
              "course": "Cloud Training - AWS bootcamp",
              "group": "Group 7",
              "managed_by": "terraform",
              "subject": "Zabbix",
              "workshop": "workshop_23"
            },
            "timeouts": null,
            "vpc_id": "vpc-05ad11c4b20fd28a2"
          },
          "sensitive_attributes": [],
          "private": "eyJlMmJmYjczMC1lY2FhLTExZTYtOGY4OC0zNDM2M2JjN2M0YzAiOnsiY3JlYXRlIjo2MDAwMDAwMDAwMDAsImRlbGV0ZSI6MTIwMDAwMDAwMDAwMH0sInNjaGVtYV92ZXJzaW9uIjoiMSJ9",
          "dependencies": [
            "aws_vpc.main"
          ]
        }
      ]
    },
    {
      "mode": "managed",
      "type": "aws_subnet",
      "name": "db_subnet_a",
      "provider": "provider[\"registry.terraform.io/hashicorp/aws\"]",
      "instances": [
        {
          "schema_version": 1,
          "attributes": {
            "arn": "arn:aws:ec2:us-east-1:058264399679:subnet/subnet-00b139cc343a275e1",
            "assign_ipv6_address_on_creation": false,
            "availability_zone": "us-east-1a",
            "availability_zone_id": "use1-az6",
            "cidr_block": "100.64.1.0/24",
            "customer_owned_ipv4_pool": "",
            "enable_dns64": false,
            "enable_lni_at_device_index": 0,
            "enable_resource_name_dns_a_record_on_launch": false,
            "enable_resource_name_dns_aaaa_record_on_launch": false,
            "id": "subnet-00b139cc343a275e1",
            "ipv6_cidr_block": "",
            "ipv6_cidr_block_association_id": "",
            "ipv6_native": false,
            "map_customer_owned_ip_on_launch": false,
            "map_public_ip_on_launch": false,
            "outpost_arn": "",
            "owner_id": "058264399679",
            "private_dns_hostname_type_on_launch": "ip-name",
            "tags": {
              "Name": "workshop_23_zabbix_db_zabbix_subnet_a"
            },
            "tags_all": {
              "Name": "workshop_23_zabbix_db_zabbix_subnet_a",
              "author": "Victor Cleber",
              "course": "Cloud Training - AWS bootcamp",
              "group": "Group 7",
              "managed_by": "terraform",
              "subject": "Zabbix",
              "workshop": "workshop_23"
            },
            "timeouts": null,
            "vpc_id": "vpc-05ad11c4b20fd28a2"
          },
          "sensitive_attributes": [],
          "private": "eyJlMmJmYjczMC1lY2FhLTExZTYtOGY4OC0zNDM2M2JjN2M0YzAiOnsiY3JlYXRlIjo2MDAwMDAwMDAwMDAsImRlbGV0ZSI6MTIwMDAwMDAwMDAwMH0sInNjaGVtYV92ZXJzaW9uIjoiMSJ9",
          "dependencies": [
            "aws_vpc.main"
          ]
        }
      ]
    },
    {
      "mode": "managed",
      "type": "aws_subnet",
      "name": "db_subnet_b",
      "provider": "provider[\"registry.terraform.io/hashicorp/aws\"]",
      "instances": [
        {
          "schema_version": 1,
          "attributes": {
            "arn": "arn:aws:ec2:us-east-1:058264399679:subnet/subnet-0b757f5886a5be4bb",
            "assign_ipv6_address_on_creation": false,
            "availability_zone": "us-east-1b",
            "availability_zone_id": "use1-az1",
            "cidr_block": "100.64.2.0/24",
            "customer_owned_ipv4_pool": "",
            "enable_dns64": false,
            "enable_lni_at_device_index": 0,
            "enable_resource_name_dns_a_record_on_launch": false,
            "enable_resource_name_dns_aaaa_record_on_launch": false,
            "id": "subnet-0b757f5886a5be4bb",
            "ipv6_cidr_block": "",
            "ipv6_cidr_block_association_id": "",
            "ipv6_native": false,
            "map_customer_owned_ip_on_launch": false,
            "map_public_ip_on_launch": false,
            "outpost_arn": "",
            "owner_id": "058264399679",
            "private_dns_hostname_type_on_launch": "ip-name",
            "tags": {
              "Name": "workshop_23_zabbix_db_zabbix_subnet_b"
            },
            "tags_all": {
              "Name": "workshop_23_zabbix_db_zabbix_subnet_b",
              "author": "Victor Cleber",
              "course": "Cloud Training - AWS bootcamp",
              "group": "Group 7",
              "managed_by": "terraform",
              "subject": "Zabbix",
              "workshop": "workshop_23"
            },
            "timeouts": null,
            "vpc_id": "vpc-05ad11c4b20fd28a2"
          },
          "sensitive_attributes": [],
          "private": "eyJlMmJmYjczMC1lY2FhLTExZTYtOGY4OC0zNDM2M2JjN2M0YzAiOnsiY3JlYXRlIjo2MDAwMDAwMDAwMDAsImRlbGV0ZSI6MTIwMDAwMDAwMDAwMH0sInNjaGVtYV92ZXJzaW9uIjoiMSJ9",
          "dependencies": [
            "aws_vpc.main"
          ]
        }
      ]
    },
    {
      "mode": "managed",
      "type": "aws_vpc",
      "name": "main",
      "provider": "provider[\"registry.terraform.io/hashicorp/aws\"]",
      "instances": [
        {
          "schema_version": 1,
          "attributes": {
            "arn": "arn:aws:ec2:us-east-1:058264399679:vpc/vpc-05ad11c4b20fd28a2",
            "assign_generated_ipv6_cidr_block": false,
            "cidr_block": "100.64.0.0/16",
            "default_network_acl_id": "acl-0f89db9246db959ea",
            "default_route_table_id": "rtb-06881b53a392fa143",
            "default_security_group_id": "sg-085211ebd6637dc81",
            "dhcp_options_id": "dopt-0a58ed9d31ed19a45",
            "enable_dns_hostnames": true,
            "enable_dns_support": true,
            "enable_network_address_usage_metrics": false,
            "id": "vpc-05ad11c4b20fd28a2",
            "instance_tenancy": "default",
            "ipv4_ipam_pool_id": null,
            "ipv4_netmask_length": null,
            "ipv6_association_id": "",
            "ipv6_cidr_block": "",
            "ipv6_cidr_block_network_border_group": "",
            "ipv6_ipam_pool_id": "",
            "ipv6_netmask_length": 0,
            "main_route_table_id": "rtb-06881b53a392fa143",
            "owner_id": "058264399679",
            "tags": {
              "Name": "workshop_23_zabbix"
            },
            "tags_all": {
              "Name": "workshop_23_zabbix",
              "author": "Victor Cleber",
              "course": "Cloud Training - AWS bootcamp",
              "group": "Group 7",
              "managed_by": "terraform",
              "subject": "Zabbix",
              "workshop": "workshop_23"
            }
          },
          "sensitive_attributes": [],
          "private": "eyJzY2hlbWFfdmVyc2lvbiI6IjEifQ==",
          "create_before_destroy": true
        }
      ]
    },
    {
      "mode": "managed",
      "type": "random_string",
      "name": "for_rds_password",
      "provider": "provider[\"registry.terraform.io/hashicorp/random\"]",
      "instances": [
        {
          "schema_version": 2,
          "attributes": {
            "id": "kvr2c1o6og",
            "keepers": null,
            "length": 10,
            "lower": true,
            "min_lower": 0,
            "min_numeric": 0,
            "min_special": 0,
            "min_upper": 0,
            "number": true,
            "numeric": true,
            "override_special": null,
            "result": "kvr2c1o6og",
            "special": false,
            "upper": false
          },
          "sensitive_attributes": []
        }
      ]
    }
  ],
  "check_results": null
}
